
Microsoft Visual Studio Solution File, Format Version 12.00
# Visual Studio Version 17
VisualStudioVersion = 17.10.35027.167
MinimumVisualStudioVersion = 10.0.40219.1
Project("{FAE04EC0-301F-11D3-BF4B-00C04F79EFBC}") = "JsonSerializationProj", "JsonSerializationProj.csproj", "{084EE9F0-67C2-4800-BF18-BB503A00CA1B}"
EndProject
Global
	GlobalSection(SolutionConfigurationPlatforms) = preSolution
		Debug|Any CPU = Debug|Any CPU
		Release|Any CPU = Release|Any CPU
	EndGlobalSection
	GlobalSection(ProjectConfigurationPlatforms) = postSolution
		{084EE9F0-67C2-4800-BF18-BB503A00CA1B}.Debug|Any CPU.ActiveCfg = Debug|Any CPU
		{084EE9F0-67C2-4800-BF18-BB503A00CA1B}.Debug|Any CPU.Build.0 = Debug|Any CPU
		{084EE9F0-67C2-4800-BF18-BB503A00CA1B}.Release|Any CPU.ActiveCfg = Release|Any CPU
		{084EE9F0-67C2-4800-BF18-BB503A00CA1B}.Release|Any CPU.Build.0 = Release|Any CPU
	EndGlobalSection
	GlobalSection(SolutionProperties) = preSolution
		HideSolutionNode = FALSE
	EndGlobalSection
	GlobalSection(ExtensibilityGlobals) = postSolution
		SolutionGuid = {9E980F2D-DFD2-433B-99B5-C3939F39B3D6}
	EndGlobalSection
EndGlobal
